
Microsoft Visual Studio Solution File, Format Version 12.00
Project("{FAE04EC0-301F-11D3-BF4B-00C04F79EFBC}") = "Proyecto Arkanoid", "Proyecto Arkanoid\Proyecto Arkanoid.csproj", "{D62AB905-0A97-43CF-8B1C-61F9B8AA221A}"
EndProject
Global
	GlobalSection(SolutionConfigurationPlatforms) = preSolution
		Debug|Any CPU = Debug|Any CPU
		Release|Any CPU = Release|Any CPU
	EndGlobalSection
	GlobalSection(ProjectConfigurationPlatforms) = postSolution
		{D62AB905-0A97-43CF-8B1C-61F9B8AA221A}.Debug|Any CPU.ActiveCfg = Debug|Any CPU
		{D62AB905-0A97-43CF-8B1C-61F9B8AA221A}.Debug|Any CPU.Build.0 = Debug|Any CPU
		{D62AB905-0A97-43CF-8B1C-61F9B8AA221A}.Release|Any CPU.ActiveCfg = Release|Any CPU
		{D62AB905-0A97-43CF-8B1C-61F9B8AA221A}.Release|Any CPU.Build.0 = Release|Any CPU
	EndGlobalSection
EndGlobal
